
Microsoft Visual Studio Solution File, Format Version 12.00
# Visual Studio 15
VisualStudioVersion = 15.0.27130.2010
MinimumVisualStudioVersion = 10.0.40219.1
Project("{FAE04EC0-301F-11D3-BF4B-00C04F79EFBC}") = "Project3", "Project3\Project3.csproj", "{D6112D9A-59B5-4CEE-A347-43C41C6BA524}"
EndProject
Global
	GlobalSection(SolutionConfigurationPlatforms) = preSolution
		Debug|Any CPU = Debug|Any CPU
		Release|Any CPU = Release|Any CPU
	EndGlobalSection
	GlobalSection(ProjectConfigurationPlatforms) = postSolution
		{D6112D9A-59B5-4CEE-A347-43C41C6BA524}.Debug|Any CPU.ActiveCfg = Debug|Any CPU
		{D6112D9A-59B5-4CEE-A347-43C41C6BA524}.Debug|Any CPU.Build.0 = Debug|Any CPU
		{D6112D9A-59B5-4CEE-A347-43C41C6BA524}.Release|Any CPU.ActiveCfg = Release|Any CPU
		{D6112D9A-59B5-4CEE-A347-43C41C6BA524}.Release|Any CPU.Build.0 = Release|Any CPU
	EndGlobalSection
	GlobalSection(SolutionProperties) = preSolution
		HideSolutionNode = FALSE
	EndGlobalSection
	GlobalSection(ExtensibilityGlobals) = postSolution
		SolutionGuid = {4882F719-0E1C-4CAD-88BC-EDA6E980DA76}
	EndGlobalSection
EndGlobal
